github.com/a-h/templ v0.2.513 h1:ZmwGAOx4NYllnHy+FTpusc4+c5msoMpPIYX0Oy3dNqw=
github.com/a-h/templ v0.2.513/go.mod h1:9gZxTLtRzM3gQxO8jr09Na0v8/jfliS97S9W5SScanM=
github.com/gorilla/mux v1.8.1 h1:TuBL49tXwgrFYWhqrNgrUNEY92u81SPhu7sTdzQEiWY=
github.com/gorilla/mux v1.8.1/go.mod h1:AKf9I4AEqPTmMytcMc0KkNouC66V3BtZ4qD5fmWSiMQ=
google.golang.org/api v0.156.0 h1:yloYcGbBtVYjLKQe4enCunxvwn3s2w/XPrrhVf6MsvQ=
google.golang.org/api v0.156.0/go.mod h1:bUSmn4KFO0Q+69zo9CNIDp4Psi6BqM0np0CbzKRSiSY=
